<?xml version="1.0" encoding="utf-8"?>
<Project ToolsVersion="4.0" xmlns="http://schemas.microsoft.com/developer/msbuild/2003">
  <ItemGroup>
    <Filter Include="Исходные файлы">
      <UniqueIdentifier>{4FC737F1-C7A5-4376-A066-2A32D752A2FF}</UniqueIdentifier>
      <Extensions>cpp;c;cc;cxx;def;odl;idl;hpj;bat;asm;asmx</Extensions>
    </Filter>
    <Filter Include="Файлы заголовков">
      <UniqueIdentifier>{93995380-89BD-4b04-88EB-625FBE52EBFB}</UniqueIdentifier>
      <Extensions>h;hh;hpp;hxx;hm;inl;inc;ipp;xsd</Extensions>
    </Filter>
    <Filter Include="Файлы ресурсов">
      <UniqueIdentifier>{67DA6AB6-F800-4c08-8B7A-83BB121AAD01}</UniqueIdentifier>
      <Extensions>rc;ico;cur;bmp;dlg;rc2;rct;bin;rgs;gif;jpg;jpeg;jpe;resx;tiff;tif;png;wav;mfcribbon-ms</Extensions>
    </Filter>
    <Filter Include="Исходные файлы\elf_image">
      <UniqueIdentifier>{06d28c27-038a-4fcc-9ee9-6e36b263e6af}</UniqueIdentifier>
    </Filter>
    <Filter Include="Исходные файлы\elf_image\elf_segment">
      <UniqueIdentifier>{b0cf5380-1f8a-490d-bd56-909215f752ee}</UniqueIdentifier>
    </Filter>
    <Filter Include="Исходные файлы\elf_io">
      <UniqueIdentifier>{651c9ad5-fd7e-4244-bee7-fab07ecb51e2}</UniqueIdentifier>
    </Filter>
    <Filter Include="Исходные файлы\elf_io\elf_image_io">
      <UniqueIdentifier>{920a7565-a310-4691-b32c-a9942bc542a2}</UniqueIdentifier>
    </Filter>
    <Filter Include="Исходные файлы\elf_io\elf_segment_io">
      <UniqueIdentifier>{4e9c5c21-b05d-41b1-9a6c-a8497d811d6e}</UniqueIdentifier>
    </Filter>
    <Filter Include="Исходные файлы\elf_helpers">
      <UniqueIdentifier>{802562a5-7937-407c-96d6-4fc0653ae892}</UniqueIdentifier>
    </Filter>
    <Filter Include="Исходные файлы\elf_image\elf_section">
      <UniqueIdentifier>{b5f50b11-0ae0-44f8-a4b6-160db3ac335c}</UniqueIdentifier>
    </Filter>
    <Filter Include="Исходные файлы\elf_image\elf_tables">
      <UniqueIdentifier>{7c4061ee-da3c-4092-a45e-7446cbfd6e3d}</UniqueIdentifier>
    </Filter>
    <Filter Include="Исходные файлы\elf_image\elf_tables\elf_relocations">
      <UniqueIdentifier>{d90548a9-82cf-4f41-b764-6252fe55d6da}</UniqueIdentifier>
    </Filter>
    <Filter Include="Исходные файлы\elf_image\elf_tables\elf_strings">
      <UniqueIdentifier>{874106da-ad68-4aa1-8660-d3cbaaed9f4f}</UniqueIdentifier>
    </Filter>
    <Filter Include="Исходные файлы\elf_image\elf_tables\elf_dynamic">
      <UniqueIdentifier>{b148f322-45b9-4f78-840f-439aab227e33}</UniqueIdentifier>
    </Filter>
    <Filter Include="Исходные файлы\elf_image\elf_tables\elf_note">
      <UniqueIdentifier>{144ceac4-7f2f-4cac-aac4-84395c991ed2}</UniqueIdentifier>
    </Filter>
    <Filter Include="Исходные файлы\elf_image\elf_tables\elf_symbols">
      <UniqueIdentifier>{6bcd9548-2dae-4c42-8210-99980fd40c3b}</UniqueIdentifier>
    </Filter>
  </ItemGroup>
  <ItemGroup>
    <ClInclude Include="pch.h">
      <Filter>Файлы заголовков</Filter>
    </ClInclude>
    <ClInclude Include="enma_elf_internal.h">
      <Filter>Исходные файлы</Filter>
    </ClInclude>
    <ClInclude Include="enma_elf.h">
      <Filter>Исходные файлы</Filter>
    </ClInclude>
    <ClInclude Include="elf_image.h">
      <Filter>Исходные файлы\elf_image</Filter>
    </ClInclude>
    <ClInclude Include="enma_elf_properties.h">
      <Filter>Исходные файлы</Filter>
    </ClInclude>
    <ClInclude Include="elf_segment.h">
      <Filter>Исходные файлы\elf_image\elf_segment</Filter>
    </ClInclude>
    <ClInclude Include="elf_image_io.h">
      <Filter>Исходные файлы\elf_io\elf_image_io</Filter>
    </ClInclude>
    <ClInclude Include="elf_segment_io.h">
      <Filter>Исходные файлы\elf_io\elf_segment_io</Filter>
    </ClInclude>
    <ClInclude Include="elf_helpers.h">
      <Filter>Исходные файлы\elf_helpers</Filter>
    </ClInclude>
    <ClInclude Include="elf_section.h">
      <Filter>Исходные файлы\elf_image\elf_section</Filter>
    </ClInclude>
    <ClInclude Include="elf_relocations.h">
      <Filter>Исходные файлы\elf_image\elf_tables\elf_relocations</Filter>
    </ClInclude>
    <ClInclude Include="elf_dynamics.h">
      <Filter>Исходные файлы\elf_image\elf_tables\elf_dynamic</Filter>
    </ClInclude>
    <ClInclude Include="elf_strings.h">
      <Filter>Исходные файлы\elf_image\elf_tables\elf_strings</Filter>
    </ClInclude>
    <ClInclude Include="elf_image_full.h">
      <Filter>Исходные файлы\elf_image</Filter>
    </ClInclude>
    <ClInclude Include="elf_notes.h">
      <Filter>Исходные файлы\elf_image\elf_tables\elf_note</Filter>
    </ClInclude>
    <ClInclude Include="elf_symbols.h">
      <Filter>Исходные файлы\elf_image\elf_tables\elf_symbols</Filter>
    </ClInclude>
  </ItemGroup>
  <ItemGroup>
    <ClCompile Include="pch.cpp">
      <Filter>Исходные файлы</Filter>
    </ClCompile>
    <ClCompile Include="elf_image.cpp">
      <Filter>Исходные файлы\elf_image</Filter>
    </ClCompile>
    <ClCompile Include="elf_segment.cpp">
      <Filter>Исходные файлы\elf_image\elf_segment</Filter>
    </ClCompile>
    <ClCompile Include="elf_image_io.cpp">
      <Filter>Исходные файлы\elf_io\elf_image_io</Filter>
    </ClCompile>
    <ClCompile Include="elf_segment_io.cpp">
      <Filter>Исходные файлы\elf_io\elf_segment_io</Filter>
    </ClCompile>
    <ClCompile Include="elf_helpers.cpp">
      <Filter>Исходные файлы\elf_helpers</Filter>
    </ClCompile>
    <ClCompile Include="elf_section.cpp">
      <Filter>Исходные файлы\elf_image\elf_section</Filter>
    </ClCompile>
    <ClCompile Include="elf_relocations.cpp">
      <Filter>Исходные файлы\elf_image\elf_tables\elf_relocations</Filter>
    </ClCompile>
    <ClCompile Include="elf_dynamics.cpp">
      <Filter>Исходные файлы\elf_image\elf_tables\elf_dynamic</Filter>
    </ClCompile>
    <ClCompile Include="elf_strings.cpp">
      <Filter>Исходные файлы\elf_image\elf_tables\elf_strings</Filter>
    </ClCompile>
    <ClCompile Include="elf_image_full.cpp">
      <Filter>Исходные файлы\elf_image</Filter>
    </ClCompile>
    <ClCompile Include="elf_notes.cpp">
      <Filter>Исходные файлы\elf_image\elf_tables\elf_note</Filter>
    </ClCompile>
    <ClCompile Include="elf_symbols.cpp">
      <Filter>Исходные файлы\elf_image\elf_tables\elf_symbols</Filter>
    </ClCompile>
  </ItemGroup>
</Project>